
Microsoft Visual Studio Solution File, Format Version 12.00
Project("{FAE04EC0-301F-11D3-BF4B-00C04F79EFBC}") = "BebraMusic.UI", "BebraMusic.UI\BebraMusic.UI.csproj", "{D1F2FC58-1C1A-42AA-BA2B-C9F80C073C09}"
EndProject
Global
	GlobalSection(SolutionConfigurationPlatforms) = preSolution
		Debug|Any CPU = Debug|Any CPU
		Release|Any CPU = Release|Any CPU
	EndGlobalSection
	GlobalSection(ProjectConfigurationPlatforms) = postSolution
		{D1F2FC58-1C1A-42AA-BA2B-C9F80C073C09}.Debug|Any CPU.ActiveCfg = Debug|Any CPU
		{D1F2FC58-1C1A-42AA-BA2B-C9F80C073C09}.Debug|Any CPU.Build.0 = Debug|Any CPU
		{D1F2FC58-1C1A-42AA-BA2B-C9F80C073C09}.Release|Any CPU.ActiveCfg = Release|Any CPU
		{D1F2FC58-1C1A-42AA-BA2B-C9F80C073C09}.Release|Any CPU.Build.0 = Release|Any CPU
	EndGlobalSection
EndGlobal
